
Microsoft Visual Studio Solution File, Format Version 12.00
Project("{FAE04EC0-301F-11D3-BF4B-00C04F79EFBC}") = "PrimerasPruebasC", "PrimerasPruebasC\PrimerasPruebasC.csproj", "{217AB4CF-787F-4B00-B930-6336A80ED28B}"
EndProject
Global
	GlobalSection(SolutionConfigurationPlatforms) = preSolution
		Debug|Any CPU = Debug|Any CPU
		Release|Any CPU = Release|Any CPU
	EndGlobalSection
	GlobalSection(ProjectConfigurationPlatforms) = postSolution
		{217AB4CF-787F-4B00-B930-6336A80ED28B}.Debug|Any CPU.ActiveCfg = Debug|Any CPU
		{217AB4CF-787F-4B00-B930-6336A80ED28B}.Debug|Any CPU.Build.0 = Debug|Any CPU
		{217AB4CF-787F-4B00-B930-6336A80ED28B}.Release|Any CPU.ActiveCfg = Release|Any CPU
		{217AB4CF-787F-4B00-B930-6336A80ED28B}.Release|Any CPU.Build.0 = Release|Any CPU
	EndGlobalSection
EndGlobal
